// !$*UTF8*$!
{
	archiveVersion = 1;
	classes = {
	};
	objectVersion = 55;
	objects = {

/* Begin PBXBuildFile section */
		417071A328A355B100920D60 /* AppDelegate.m in Sources */ = {isa = PBXBuildFile; fileRef = 417071A228A355B100920D60 /* AppDelegate.m */; };
		417071A628A355B100920D60 /* SceneDelegate.m in Sources */ = {isa = PBXBuildFile; fileRef = 417071A528A355B100920D60 /* SceneDelegate.m */; };
		417071A928A355B100920D60 /* ViewController.m in Sources */ = {isa = PBXBuildFile; fileRef = 417071A828A355B100920D60 /* ViewController.m */; };
		417071AC28A355B100920D60 /* Main.storyboard in Resources */ = {isa = PBXBuildFile; fileRef = 417071AA28A355B100920D60 /* Main.storyboard */; };
		417071AE28A355B500920D60 /* Assets.xcassets in Resources */ = {isa = PBXBuildFile; fileRef = 417071AD28A355B500920D60 /* Assets.xcassets */; };
		417071B128A355B500920D60 /* LaunchScreen.storyboard in Resources */ = {isa = PBXBuildFile; fileRef = 417071AF28A355B500920D60 /* LaunchScreen.storyboard */; };
		417071B428A355B500920D60 /* main.m in Sources */ = {isa = PBXBuildFile; fileRef = 417071B328A355B500920D60 /* main.m */; };
		417071BE28A355B600920D60 /* FishTests.m in Sources */ = {isa = PBXBuildFile; fileRef = 417071BD28A355B600920D60 /* FishTests.m */; };
		417071C828A355B600920D60 /* FishUITests.m in Sources */ = {isa = PBXBuildFile; fileRef = 417071C728A355B600920D60 /* FishUITests.m */; };
		417071CA28A355B600920D60 /* FishUITestsLaunchTests.m in Sources */ = {isa = PBXBuildFile; fileRef = 417071C928A355B600920D60 /* FishUITestsLaunchTests.m */; };
/* End PBXBuildFile section */

/* Begin PBXContainerItemProxy section */
		417071BA28A355B600920D60 /* PBXContainerItemProxy */ = {
			isa = PBXContainerItemProxy;
			containerPortal = 4170719628A355B100920D60 /* Project object */;
			proxyType = 1;
			remoteGlobalIDString = 4170719D28A355B100920D60;
			remoteInfo = Fish;
		};
		417071C428A355B600920D60 /* PBXContainerItemProxy */ = {
			isa = PBXContainerItemProxy;
			containerPortal = 4170719628A355B100920D60 /* Project object */;
			proxyType = 1;
			remoteGlobalIDString = 4170719D28A355B100920D60;
			remoteInfo = Fish;
		};
/* End PBXContainerItemProxy section */

/* Begin PBXFileReference section */
		4170719E28A355B100920D60 /* Fish.app */ = {isa = PBXFileReference; explicitFileType = wrapper.application; includeInIndex = 0; path = Fish.app; sourceTree = BUILT_PRODUCTS_DIR; };
		417071A128A355B100920D60 /* AppDelegate.h */ = {isa = PBXFileReference; lastKnownFileType = sourcecode.c.h; path = AppDelegate.h; sourceTree = "<group>"; };
		417071A228A355B100920D60 /* AppDelegate.m */ = {isa = PBXFileReference; lastKnownFileType = sourcecode.c.objc; path = AppDelegate.m; sourceTree = "<group>"; };
		417071A428A355B100920D60 /* SceneDelegate.h */ = {isa = PBXFileReference; lastKnownFileType = sourcecode.c.h; path = SceneDelegate.h; sourceTree = "<group>"; };
		417071A528A355B100920D60 /* SceneDelegate.m */ = {isa = PBXFileReference; lastKnownFileType = sourcecode.c.objc; path = SceneDelegate.m; sourceTree = "<group>"; };
		417071A728A355B100920D60 /* ViewController.h */ = {isa = PBXFileReference; lastKnownFileType = sourcecode.c.h; path = ViewController.h; sourceTree = "<group>"; };
		417071A828A355B100920D60 /* ViewController.m */ = {isa = PBXFileReference; lastKnownFileType = sourcecode.c.objc; path = ViewController.m; sourceTree = "<group>"; };
		417071AB28A355B100920D60 /* Base */ = {isa = PBXFileReference; lastKnownFileType = file.storyboard; name = Base; path = Base.lproj/Main.storyboard; sourceTree = "<group>"; };
		417071AD28A355B500920D60 /* Assets.xcassets */ = {isa = PBXFileReference; lastKnownFileType = folder.assetcatalog; path = Assets.xcassets; sourceTree = "<group>"; };
		417071B028A355B500920D60 /* Base */ = {isa = PBXFileReference; lastKnownFileType = file.storyboard; name = Base; path = Base.lproj/LaunchScreen.storyboard; sourceTree = "<group>"; };
		417071B228A355B500920D60 /* Info.plist */ = {isa = PBXFileReference; lastKnownFileType = text.plist.xml; path = Info.plist; sourceTree = "<group>"; };
		417071B328A355B500920D60 /* main.m */ = {isa = PBXFileReference; lastKnownFileType = sourcecode.c.objc; path = main.m; sourceTree = "<group>"; };
		417071B928A355B600920D60 /* FishTests.xctest */ = {isa = PBXFileReference; explicitFileType = wrapper.cfbundle; includeInIndex = 0; path = FishTests.xctest; sourceTree = BUILT_PRODUCTS_DIR; };
		417071BD28A355B600920D60 /* FishTests.m */ = {isa = PBXFileReference; lastKnownFileType = sourcecode.c.objc; path = FishTests.m; sourceTree = "<group>"; };
		417071C328A355B600920D60 /* FishUITests.xctest */ = {isa = PBXFileReference; explicitFileType = wrapper.cfbundle; includeInIndex = 0; path = FishUITests.xctest; sourceTree = BUILT_PRODUCTS_DIR; };
		417071C728A355B600920D60 /* FishUITests.m */ = {isa = PBXFileReference; lastKnownFileType = sourcecode.c.objc; path = FishUITests.m; sourceTree = "<group>"; };
		417071C928A355B600920D60 /* FishUITestsLaunchTests.m */ = {isa = PBXFileReference; lastKnownFileType = sourcecode.c.objc; path = FishUITestsLaunchTests.m; sourceTree = "<group>"; };
/* End PBXFileReference section */

/* Begin PBXFrameworksBuildPhase section */
		4170719B28A355B100920D60 /* Frameworks */ = {
			isa = PBXFrameworksBuildPhase;
			buildActionMask = 2147483647;
			files = (
			);
			runOnlyForDeploymentPostprocessing = 0;
		};
		417071B628A355B600920D60 /* Frameworks */ = {
			isa = PBXFrameworksBuildPhase;
			buildActionMask = 2147483647;
			files = (
			);
			runOnlyForDeploymentPostprocessing = 0;
		};
		417071C028A355B600920D60 /* Frameworks */ = {
			isa = PBXFrameworksBuildPhase;
			buildActionMask = 2147483647;
			files = (
			);
			runOnlyForDeploymentPostprocessing = 0;
		};
/* End PBXFrameworksBuildPhase section */

/* Begin PBXGroup section */
		4170719528A355B100920D60 = {
			isa = PBXGroup;
			children = (
				417071A028A355B100920D60 /* Fish */,
				417071BC28A355B600920D60 /* FishTests */,
				417071C628A355B600920D60 /* FishUITests */,
				4170719F28A355B100920D60 /* Products */,
			);
			sourceTree = "<group>";
		};
		4170719F28A355B100920D60 /* Products */ = {
			isa = PBXGroup;
			children = (
				4170719E28A355B100920D60 /* Fish.app */,
				417071B928A355B600920D60 /* FishTests.xctest */,
				417071C328A355B600920D60 /* FishUITests.xctest */,
			);
			name = Products;
			sourceTree = "<group>";
		};
		417071A028A355B100920D60 /* Fish */ = {
			isa = PBXGroup;
			children = (
				417071A128A355B100920D60 /* AppDelegate.h */,
				417071A228A355B100920D60 /* AppDelegate.m */,
				417071A428A355B100920D60 /* SceneDelegate.h */,
				417071A528A355B100920D60 /* SceneDelegate.m */,
				417071A728A355B100920D60 /* ViewController.h */,
				417071A828A355B100920D60 /* ViewController.m */,
				417071AA28A355B100920D60 /* Main.storyboard */,
				417071AD28A355B500920D60 /* Assets.xcassets */,
				417071AF28A355B500920D60 /* LaunchScreen.storyboard */,
				417071B228A355B500920D60 /* Info.plist */,
				417071B328A355B500920D60 /* main.m */,
			);
			path = Fish;
			sourceTree = "<group>";
		};
		417071BC28A355B600920D60 /* FishTests */ = {
			isa = PBXGroup;
			children = (
				417071BD28A355B600920D60 /* FishTests.m */,
			);
			path = FishTests;
			sourceTree = "<group>";
		};
		417071C628A355B600920D60 /* FishUITests */ = {
			isa = PBXGroup;
			children = (
				417071C728A355B600920D60 /* FishUITests.m */,
				417071C928A355B600920D60 /* FishUITestsLaunchTests.m */,
			);
			path = FishUITests;
			sourceTree = "<group>";
		};
/* End PBXGroup section */

/* Begin PBXNativeTarget section */
		4170719D28A355B100920D60 /* Fish */ = {
			isa = PBXNativeTarget;
			buildConfigurationList = 417071CD28A355B600920D60 /* Build configuration list for PBXNativeTarget "Fish" */;
			buildPhases = (
				4170719A28A355B100920D60 /* Sources */,
				4170719B28A355B100920D60 /* Frameworks */,
				4170719C28A355B100920D60 /* Resources */,
			);
			buildRules = (
			);
			dependencies = (
			);
			name = Fish;
			productName = Fish;
			productReference = 4170719E28A355B100920D60 /* Fish.app */;
			productType = "com.apple.product-type.application";
		};
		417071B828A355B600920D60 /* FishTests */ = {
			isa = PBXNativeTarget;
			buildConfigurationList = 417071D028A355B600920D60 /* Build configuration list for PBXNativeTarget "FishTests" */;
			buildPhases = (
				417071B528A355B600920D60 /* Sources */,
				417071B628A355B600920D60 /* Frameworks */,
				417071B728A355B600920D60 /* Resources */,
			);
			buildRules = (
			);
			dependencies = (
				417071BB28A355B600920D60 /* PBXTargetDependency */,
			);
			name = FishTests;
			productName = FishTests;
			productReference = 417071B928A355B600920D60 /* FishTests.xctest */;
			productType = "com.apple.product-type.bundle.unit-test";
		};
		417071C228A355B600920D60 /* FishUITests */ = {
			isa = PBXNativeTarget;
			buildConfigurationList = 417071D328A355B600920D60 /* Build configuration list for PBXNativeTarget "FishUITests" */;
			buildPhases = (
				417071BF28A355B600920D60 /* Sources */,
				417071C028A355B600920D60 /* Frameworks */,
				417071C128A355B600920D60 /* Resources */,
			);
			buildRules = (
			);
			dependencies = (
				417071C528A355B600920D60 /* PBXTargetDependency */,
			);
			name = FishUITests;
			productName = FishUITests;
			productReference = 417071C328A355B600920D60 /* FishUITests.xctest */;
			productType = "com.apple.product-type.bundle.ui-testing";
		};
/* End PBXNativeTarget section */

/* Begin PBXProject section */
		4170719628A355B100920D60 /* Project object */ = {
			isa = PBXProject;
			attributes = {
				BuildIndependentTargetsInParallel = 1;
				LastUpgradeCheck = 1340;
				TargetAttributes = {
					4170719D28A355B100920D60 = {
						CreatedOnToolsVersion = 13.4.1;
					};
					417071B828A355B600920D60 = {
						CreatedOnToolsVersion = 13.4.1;
						TestTargetID = 4170719D28A355B100920D60;
					};
					417071C228A355B600920D60 = {
						CreatedOnToolsVersion = 13.4.1;
						TestTargetID = 4170719D28A355B100920D60;
					};
				};
			};
			buildConfigurationList = 4170719928A355B100920D60 /* Build configuration list for PBXProject "Fish" */;
			compatibilityVersion = "Xcode 13.0";
			developmentRegion = en;
			hasScannedForEncodings = 0;
			knownRegions = (
				en,
				Base,
			);
			mainGroup = 4170719528A355B100920D60;
			productRefGroup = 4170719F28A355B100920D60 /* Products */;
			projectDirPath = "";
			projectRoot = "";
			targets = (
				4170719D28A355B100920D60 /* Fish */,
				417071B828A355B600920D60 /* FishTests */,
				417071C228A355B600920D60 /* FishUITests */,
			);
		};
/* End PBXProject section */

/* Begin PBXResourcesBuildPhase section */
		4170719C28A355B100920D60 /* Resources */ = {
			isa = PBXResourcesBuildPhase;
			buildActionMask = 2147483647;
			files = (
				417071B128A355B500920D60 /* LaunchScreen.storyboard in Resources */,
				417071AE28A355B500920D60 /* Assets.xcassets in Resources */,
				417071AC28A355B100920D60 /* Main.storyboard in Resources */,
			);
			runOnlyForDeploymentPostprocessing = 0;
		};
		417071B728A355B600920D60 /* Resources */ = {
			isa = PBXResourcesBuildPhase;
			buildActionMask = 2147483647;
			files = (
			);
			runOnlyForDeploymentPostprocessing = 0;
		};
		417071C128A355B600920D60 /* Resources */ = {
			isa = PBXResourcesBuildPhase;
			buildActionMask = 2147483647;
			files = (
			);
			runOnlyForDeploymentPostprocessing = 0;
		};
/* End PBXResourcesBuildPhase section */

/* Begin PBXSourcesBuildPhase section */
		4170719A28A355B100920D60 /* Sources */ = {
			isa = PBXSourcesBuildPhase;
			buildActionMask = 2147483647;
			files = (
				417071A928A355B100920D60 /* ViewController.m in Sources */,
				417071A328A355B100920D60 /* AppDelegate.m in Sources */,
				417071B428A355B500920D60 /* main.m in Sources */,
				417071A628A355B100920D60 /* SceneDelegate.m in Sources */,
			);
			runOnlyForDeploymentPostprocessing = 0;
		};
		417071B528A355B600920D60 /* Sources */ = {
			isa = PBXSourcesBuildPhase;
			buildActionMask = 2147483647;
			files = (
				417071BE28A355B600920D60 /* FishTests.m in Sources */,
			);
			runOnlyForDeploymentPostprocessing = 0;
		};
		417071BF28A355B600920D60 /* Sources */ = {
			isa = PBXSourcesBuildPhase;
			buildActionMask = 2147483647;
			files = (
				417071CA28A355B600920D60 /* FishUITestsLaunchTests.m in Sources */,
				417071C828A355B600920D60 /* FishUITests.m in Sources */,
			);
			runOnlyForDeploymentPostprocessing = 0;
		};
/* End PBXSourcesBuildPhase section */

/* Begin PBXTargetDependency section */
		417071BB28A355B600920D60 /* PBXTargetDependency */ = {
			isa = PBXTargetDependency;
			target = 4170719D28A355B100920D60 /* Fish */;
			targetProxy = 417071BA28A355B600920D60 /* PBXContainerItemProxy */;
		};
		417071C528A355B600920D60 /* PBXTargetDependency */ = {
			isa = PBXTargetDependency;
			target = 4170719D28A355B100920D60 /* Fish */;
			targetProxy = 417071C428A355B600920D60 /* PBXContainerItemProxy */;
		};
/* End PBXTargetDependency section */

/* Begin PBXVariantGroup section */
		417071AA28A355B100920D60 /* Main.storyboard */ = {
			isa = PBXVariantGroup;
			children = (
				417071AB28A355B100920D60 /* Base */,
			);
			name = Main.storyboard;
			sourceTree = "<group>";
		};
		417071AF28A355B500920D60 /* LaunchScreen.storyboard */ = {
			isa = PBXVariantGroup;
			children = (
				417071B028A355B500920D60 /* Base */,
			);
			name = LaunchScreen.storyboard;
			sourceTree = "<group>";
		};
/* End PBXVariantGroup section */

/* Begin XCBuildConfiguration section */
		417071CB28A355B600920D60 /* Debug */ = {
			isa = XCBuildConfiguration;
			buildSettings = {
				ALWAYS_SEARCH_USER_PATHS = NO;
				CLANG_ANALYZER_NONNULL = YES;
				CLANG_ANALYZER_NUMBER_OBJECT_CONVERSION = YES_AGGRESSIVE;
				CLANG_CXX_LANGUAGE_STANDARD = "gnu++17";
				CLANG_ENABLE_MODULES = YES;
				CLANG_ENABLE_OBJC_ARC = YES;
				CLANG_ENABLE_OBJC_WEAK = YES;
				CLANG_WARN_BLOCK_CAPTURE_AUTORELEASING = YES;
				CLANG_WARN_BOOL_CONVERSION = YES;
				CLANG_WARN_COMMA = YES;
				CLANG_WARN_CONSTANT_CONVERSION = YES;
				CLANG_WARN_DEPRECATED_OBJC_IMPLEMENTATIONS = YES;
				CLANG_WARN_DIRECT_OBJC_ISA_USAGE = YES_ERROR;
				CLANG_WARN_DOCUMENTATION_COMMENTS = YES;
				CLANG_WARN_EMPTY_BODY = YES;
				CLANG_WARN_ENUM_CONVERSION = YES;
				CLANG_WARN_INFINITE_RECURSION = YES;
				CLANG_WARN_INT_CONVERSION = YES;
				CLANG_WARN_NON_LITERAL_NULL_CONVERSION = YES;
				CLANG_WARN_OBJC_IMPLICIT_RETAIN_SELF = YES;
				CLANG_WARN_OBJC_LITERAL_CONVERSION = YES;
				CLANG_WARN_OBJC_ROOT_CLASS = YES_ERROR;
				CLANG_WARN_QUOTED_INCLUDE_IN_FRAMEWORK_HEADER = YES;
				CLANG_WARN_RANGE_LOOP_ANALYSIS = YES;
				CLANG_WARN_STRICT_PROTOTYPES = YES;
				CLANG_WARN_SUSPICIOUS_MOVE = YES;
				CLANG_WARN_UNGUARDED_AVAILABILITY = YES_AGGRESSIVE;
				CLANG_WARN_UNREACHABLE_CODE = YES;
				CLANG_WARN__DUPLICATE_METHOD_MATCH = YES;
				COPY_PHASE_STRIP = NO;
				DEBUG_INFORMATION_FORMAT = dwarf;
				ENABLE_STRICT_OBJC_MSGSEND = YES;
				ENABLE_TESTABILITY = YES;
				GCC_C_LANGUAGE_STANDARD = gnu11;
				GCC_DYNAMIC_NO_PIC = NO;
				GCC_NO_COMMON_BLOCKS = YES;
				GCC_OPTIMIZATION_LEVEL = 0;
				GCC_PREPROCESSOR_DEFINITIONS = (
					"DEBUG=1",
					"$(inherited)",
				);
				GCC_WARN_64_TO_32_BIT_CONVERSION = YES;
				GCC_WARN_ABOUT_RETURN_TYPE = YES_ERROR;
				GCC_WARN_UNDECLARED_SELECTOR = YES;
				GCC_WARN_UNINITIALIZED_AUTOS = YES_AGGRESSIVE;
				GCC_WARN_UNUSED_FUNCTION = YES;
				GCC_WARN_UNUSED_VARIABLE = YES;
				IPHONEOS_DEPLOYMENT_TARGET = 15.5;
				MTL_ENABLE_DEBUG_INFO = INCLUDE_SOURCE;
				MTL_FAST_MATH = YES;
				ONLY_ACTIVE_ARCH = YES;
				SDKROOT = iphoneos;
			};
			name = Debug;
		};
		417071CC28A355B600920D60 /* Release */ = {
			isa = XCBuildConfiguration;
			buildSettings = {
				ALWAYS_SEARCH_USER_PATHS = NO;
				CLANG_ANALYZER_NONNULL = YES;
				CLANG_ANALYZER_NUMBER_OBJECT_CONVERSION = YES_AGGRESSIVE;
				CLANG_CXX_LANGUAGE_STANDARD = "gnu++17";
				CLANG_ENABLE_MODULES = YES;
				CLANG_ENABLE_OBJC_ARC = YES;
				CLANG_ENABLE_OBJC_WEAK = YES;
				CLANG_WARN_BLOCK_CAPTURE_AUTORELEASING = YES;
				CLANG_WARN_BOOL_CONVERSION = YES;
				CLANG_WARN_COMMA = YES;
				CLANG_WARN_CONSTANT_CONVERSION = YES;
				CLANG_WARN_DEPRECATED_OBJC_IMPLEMENTATIONS = YES;
				CLANG_WARN_DIRECT_OBJC_ISA_USAGE = YES_ERROR;
				CLANG_WARN_DOCUMENTATION_COMMENTS = YES;
				CLANG_WARN_EMPTY_BODY = YES;
				CLANG_WARN_ENUM_CONVERSION = YES;
				CLANG_WARN_INFINITE_RECURSION = YES;
				CLANG_WARN_INT_CONVERSION = YES;
				CLANG_WARN_NON_LITERAL_NULL_CONVERSION = YES;
				CLANG_WARN_OBJC_IMPLICIT_RETAIN_SELF = YES;
				CLANG_WARN_OBJC_LITERAL_CONVERSION = YES;
				CLANG_WARN_OBJC_ROOT_CLASS = YES_ERROR;
				CLANG_WARN_QUOTED_INCLUDE_IN_FRAMEWORK_HEADER = YES;
				CLANG_WARN_RANGE_LOOP_ANALYSIS = YES;
				CLANG_WARN_STRICT_PROTOTYPES = YES;
				CLANG_WARN_SUSPICIOUS_MOVE = YES;
				CLANG_WARN_UNGUARDED_AVAILABILITY = YES_AGGRESSIVE;
				CLANG_WARN_UNREACHABLE_CODE = YES;
				CLANG_WARN__DUPLICATE_METHOD_MATCH = YES;
				COPY_PHASE_STRIP = NO;
				DEBUG_INFORMATION_FORMAT = "dwarf-with-dsym";
				ENABLE_NS_ASSERTIONS = NO;
				ENABLE_STRICT_OBJC_MSGSEND = YES;
				GCC_C_LANGUAGE_STANDARD = gnu11;
				GCC_NO_COMMON_BLOCKS = YES;
				GCC_WARN_64_TO_32_BIT_CONVERSION = YES;
				GCC_WARN_ABOUT_RETURN_TYPE = YES_ERROR;
				GCC_WARN_UNDECLARED_SELECTOR = YES;
				GCC_WARN_UNINITIALIZED_AUTOS = YES_AGGRESSIVE;
				GCC_WARN_UNUSED_FUNCTION = YES;
				GCC_WARN_UNUSED_VARIABLE = YES;
				IPHONEOS_DEPLOYMENT_TARGET = 15.5;
				MTL_ENABLE_DEBUG_INFO = NO;
				MTL_FAST_MATH = YES;
				SDKROOT = iphoneos;
				VALIDATE_PRODUCT = YES;
			};
			name = Release;
		};
		417071CE28A355B600920D60 /* Debug */ = {
			isa = XCBuildConfiguration;
			buildSettings = {
				ASSETCATALOG_COMPILER_APPICON_NAME = AppIcon;
				ASSETCATALOG_COMPILER_GLOBAL_ACCENT_COLOR_NAME = AccentColor;
				CODE_SIGN_STYLE = Automatic;
				CURRENT_PROJECT_VERSION = 1;
				GENERATE_INFOPLIST_FILE = YES;
				INFOPLIST_FILE = Fish/Info.plist;
				INFOPLIST_KEY_UIApplicationSupportsIndirectInputEvents = YES;
				INFOPLIST_KEY_UILaunchStoryboardName = LaunchScreen;
				INFOPLIST_KEY_UIMainStoryboardFile = Main;
				INFOPLIST_KEY_UISupportedInterfaceOrientations_iPad = "UIInterfaceOrientationPortrait UIInterfaceOrientationPortraitUpsideDown UIInterfaceOrientationLandscapeLeft UIInterfaceOrientationLandscapeRight";
				INFOPLIST_KEY_UISupportedInterfaceOrientations_iPhone = "UIInterfaceOrientationPortrait UIInterfaceOrientationLandscapeLeft UIInterfaceOrientationLandscapeRight";
				LD_RUNPATH_SEARCH_PATHS = (
					"$(inherited)",
					"@executable_path/Frameworks",
				);
				MARKETING_VERSION = 1.0;
				PRODUCT_BUNDLE_IDENTIFIER = consultantKy.Fish;
				PRODUCT_NAME = "$(TARGET_NAME)";
				SWIFT_EMIT_LOC_STRINGS = YES;
				TARGETED_DEVICE_FAMILY = "1,2";
			};
			name = Debug;
		};
		417071CF28A355B600920D60 /* Release */ = {
			isa = XCBuildConfiguration;
			buildSettings = {
				ASSETCATALOG_COMPILER_APPICON_NAME = AppIcon;
				ASSETCATALOG_COMPILER_GLOBAL_ACCENT_COLOR_NAME = AccentColor;
				CODE_SIGN_STYLE = Automatic;
				CURRENT_PROJECT_VERSION = 1;
				GENERATE_INFOPLIST_FILE = YES;
				INFOPLIST_FILE = Fish/Info.plist;
				INFOPLIST_KEY_UIApplicationSupportsIndirectInputEvents = YES;
				INFOPLIST_KEY_UILaunchStoryboardName = LaunchScreen;
				INFOPLIST_KEY_UIMainStoryboardFile = Main;
				INFOPLIST_KEY_UISupportedInterfaceOrientations_iPad = "UIInterfaceOrientationPortrait UIInterfaceOrientationPortraitUpsideDown UIInterfaceOrientationLandscapeLeft UIInterfaceOrientationLandscapeRight";
				INFOPLIST_KEY_UISupportedInterfaceOrientations_iPhone = "UIInterfaceOrientationPortrait UIInterfaceOrientationLandscapeLeft UIInterfaceOrientationLandscapeRight";
				LD_RUNPATH_SEARCH_PATHS = (
					"$(inherited)",
					"@executable_path/Frameworks",
				);
				MARKETING_VERSION = 1.0;
				PRODUCT_BUNDLE_IDENTIFIER = consultantKy.Fish;
				PRODUCT_NAME = "$(TARGET_NAME)";
				SWIFT_EMIT_LOC_STRINGS = YES;
				TARGETED_DEVICE_FAMILY = "1,2";
			};
			name = Release;
		};
		417071D128A355B600920D60 /* Debug */ = {
			isa = XCBuildConfiguration;
			buildSettings = {
				BUNDLE_LOADER = "$(TEST_HOST)";
				CODE_SIGN_STYLE = Automatic;
				CURRENT_PROJECT_VERSION = 1;
				GENERATE_INFOPLIST_FILE = YES;
				IPHONEOS_DEPLOYMENT_TARGET = 15.5;
				MARKETING_VERSION = 1.0;
				PRODUCT_BUNDLE_IDENTIFIER = consultantKy.FishTests;
				PRODUCT_NAME = "$(TARGET_NAME)";
				SWIFT_EMIT_LOC_STRINGS = NO;
				TARGETED_DEVICE_FAMILY = "1,2";
				TEST_HOST = "$(BUILT_PRODUCTS_DIR)/Fish.app/Fish";
			};
			name = Debug;
		};
		417071D228A355B600920D60 /* Release */ = {
			isa = XCBuildConfiguration;
			buildSettings = {
				BUNDLE_LOADER = "$(TEST_HOST)";
				CODE_SIGN_STYLE = Automatic;
				CURRENT_PROJECT_VERSION = 1;
				GENERATE_INFOPLIST_FILE = YES;
				IPHONEOS_DEPLOYMENT_TARGET = 15.5;
				MARKETING_VERSION = 1.0;
				PRODUCT_BUNDLE_IDENTIFIER = consultantKy.FishTests;
				PRODUCT_NAME = "$(TARGET_NAME)";
				SWIFT_EMIT_LOC_STRINGS = NO;
				TARGETED_DEVICE_FAMILY = "1,2";
				TEST_HOST = "$(BUILT_PRODUCTS_DIR)/Fish.app/Fish";
			};
			name = Release;
		};
		417071D428A355B600920D60 /* Debug */ = {
			isa = XCBuildConfiguration;
			buildSettings = {
				CODE_SIGN_STYLE = Automatic;
				CURRENT_PROJECT_VERSION = 1;
				GENERATE_INFOPLIST_FILE = YES;
				MARKETING_VERSION = 1.0;
				PRODUCT_BUNDLE_IDENTIFIER = consultantKy.FishUITests;
				PRODUCT_NAME = "$(TARGET_NAME)";
				SWIFT_EMIT_LOC_STRINGS = NO;
				TARGETED_DEVICE_FAMILY = "1,2";
				TEST_TARGET_NAME = Fish;
			};
			name = Debug;
		};
		417071D528A355B600920D60 /* Release */ = {
			isa = XCBuildConfiguration;
			buildSettings = {
				CODE_SIGN_STYLE = Automatic;
				CURRENT_PROJECT_VERSION = 1;
				GENERATE_INFOPLIST_FILE = YES;
				MARKETING_VERSION = 1.0;
				PRODUCT_BUNDLE_IDENTIFIER = consultantKy.FishUITests;
				PRODUCT_NAME = "$(TARGET_NAME)";
				SWIFT_EMIT_LOC_STRINGS = NO;
				TARGETED_DEVICE_FAMILY = "1,2";
				TEST_TARGET_NAME = Fish;
			};
			name = Release;
		};
/* End XCBuildConfiguration section */

/* Begin XCConfigurationList section */
		4170719928A355B100920D60 /* Build configuration list for PBXProject "Fish" */ = {
			isa = XCConfigurationList;
			buildConfigurations = (
				417071CB28A355B600920D60 /* Debug */,
				417071CC28A355B600920D60 /* Release */,
			);
			defaultConfigurationIsVisible = 0;
			defaultConfigurationName = Release;
		};
		417071CD28A355B600920D60 /* Build configuration list for PBXNativeTarget "Fish" */ = {
			isa = XCConfigurationList;
			buildConfigurations = (
				417071CE28A355B600920D60 /* Debug */,
				417071CF28A355B600920D60 /* Release */,
			);
			defaultConfigurationIsVisible = 0;
			defaultConfigurationName = Release;
		};
		417071D028A355B600920D60 /* Build configuration list for PBXNativeTarget "FishTests" */ = {
			isa = XCConfigurationList;
			buildConfigurations = (
				417071D128A355B600920D60 /* Debug */,
				417071D228A355B600920D60 /* Release */,
			);
			defaultConfigurationIsVisible = 0;
			defaultConfigurationName = Release;
		};
		417071D328A355B600920D60 /* Build configuration list for PBXNativeTarget "FishUITests" */ = {
			isa = XCConfigurationList;
			buildConfigurations = (
				417071D428A355B600920D60 /* Debug */,
				417071D528A355B600920D60 /* Release */,
			);
			defaultConfigurationIsVisible = 0;
			defaultConfigurationName = Release;
		};
/* End XCConfigurationList section */
	};
	rootObject = 4170719628A355B100920D60 /* Project object */;
}
